
Microsoft Visual Studio Solution File, Format Version 12.00
# Visual Studio 15
VisualStudioVersion = 15.0.28307.902
MinimumVisualStudioVersion = 10.0.40219.1
Project("{FAE04EC0-301F-11D3-BF4B-00C04F79EFBC}") = "Denemee", "Denemee\Denemee.csproj", "{C995B3B8-8DD7-45D8-A253-394B3F4EDFE4}"
EndProject
Global
	GlobalSection(SolutionConfigurationPlatforms) = preSolution
		Debug|Any CPU = Debug|Any CPU
		Release|Any CPU = Release|Any CPU
	EndGlobalSection
	GlobalSection(ProjectConfigurationPlatforms) = postSolution
		{C995B3B8-8DD7-45D8-A253-394B3F4EDFE4}.Debug|Any CPU.ActiveCfg = Debug|Any CPU
		{C995B3B8-8DD7-45D8-A253-394B3F4EDFE4}.Debug|Any CPU.Build.0 = Debug|Any CPU
		{C995B3B8-8DD7-45D8-A253-394B3F4EDFE4}.Release|Any CPU.ActiveCfg = Release|Any CPU
		{C995B3B8-8DD7-45D8-A253-394B3F4EDFE4}.Release|Any CPU.Build.0 = Release|Any CPU
	EndGlobalSection
	GlobalSection(SolutionProperties) = preSolution
		HideSolutionNode = FALSE
	EndGlobalSection
	GlobalSection(ExtensibilityGlobals) = postSolution
		SolutionGuid = {6FA1353E-ACA7-40F9-9BAD-84F772BC140D}
	EndGlobalSection
EndGlobal
